// !$*UTF8*$!
{
	archiveVersion = 1;
	classes = {
	};
	objectVersion = 51;
	objects = {

/* Begin PBXBuildFile section */
		225935E125939EC4005E818F /* AppDelegate.swift in Sources */ = {isa = PBXBuildFile; fileRef = 225935E025939EC4005E818F /* AppDelegate.swift */; };
		225935E325939EC4005E818F /* SceneDelegate.swift in Sources */ = {isa = PBXBuildFile; fileRef = 225935E225939EC4005E818F /* SceneDelegate.swift */; };
		225935E525939EC4005E818F /* ViewController.swift in Sources */ = {isa = PBXBuildFile; fileRef = 225935E425939EC4005E818F /* ViewController.swift */; };
		225935E825939EC4005E818F /* Main.storyboard in Resources */ = {isa = PBXBuildFile; fileRef = 225935E625939EC4005E818F /* Main.storyboard */; };
		225935EB25939EC4005E818F /* bt710_programmer.xcdatamodeld in Sources */ = {isa = PBXBuildFile; fileRef = 225935E925939EC4005E818F /* bt710_programmer.xcdatamodeld */; };
		225935ED25939EC5005E818F /* Assets.xcassets in Resources */ = {isa = PBXBuildFile; fileRef = 225935EC25939EC5005E818F /* Assets.xcassets */; };
		225935F025939EC5005E818F /* LaunchScreen.storyboard in Resources */ = {isa = PBXBuildFile; fileRef = 225935EE25939EC5005E818F /* LaunchScreen.storyboard */; };
		225935FB2593B514005E818F /* SingleTagViewController.swift in Sources */ = {isa = PBXBuildFile; fileRef = 225935FA2593B514005E818F /* SingleTagViewController.swift */; };
		225936072593E888005E818F /* BatchViewController.swift in Sources */ = {isa = PBXBuildFile; fileRef = 225936062593E888005E818F /* BatchViewController.swift */; };
		2259360A2593F99D005E818F /* BatchProgramViewController.swift in Sources */ = {isa = PBXBuildFile; fileRef = 225936092593F99D005E818F /* BatchProgramViewController.swift */; };
		2259360F25942332005E818F /* BatchRegisterViewController.swift in Sources */ = {isa = PBXBuildFile; fileRef = 2259360E25942332005E818F /* BatchRegisterViewController.swift */; };
		2259361325979AF9005E818F /* GoogleService-Info.plist in Resources */ = {isa = PBXBuildFile; fileRef = 2259361225979AF9005E818F /* GoogleService-Info.plist */; };
		225936BF25997725005E818F /* McuMgrViewController.swift in Sources */ = {isa = PBXBuildFile; fileRef = 225936BE25997725005E818F /* McuMgrViewController.swift */; };
		C78745B447EDEE80C59E3DB3 /* Pods_bt710_programmer.framework in Frameworks */ = {isa = PBXBuildFile; fileRef = 975A6C04B9F013D9AF60DC7B /* Pods_bt710_programmer.framework */; };
/* End PBXBuildFile section */

/* Begin PBXFileReference section */
		225935DD25939EC4005E818F /* bt710-programmer.app */ = {isa = PBXFileReference; explicitFileType = wrapper.application; includeInIndex = 0; path = "bt710-programmer.app"; sourceTree = BUILT_PRODUCTS_DIR; };
		225935E025939EC4005E818F /* AppDelegate.swift */ = {isa = PBXFileReference; lastKnownFileType = sourcecode.swift; path = AppDelegate.swift; sourceTree = "<group>"; };
		225935E225939EC4005E818F /* SceneDelegate.swift */ = {isa = PBXFileReference; lastKnownFileType = sourcecode.swift; path = SceneDelegate.swift; sourceTree = "<group>"; };
		225935E425939EC4005E818F /* ViewController.swift */ = {isa = PBXFileReference; lastKnownFileType = sourcecode.swift; path = ViewController.swift; sourceTree = "<group>"; };
		225935E725939EC4005E818F /* Base */ = {isa = PBXFileReference; lastKnownFileType = file.storyboard; name = Base; path = Base.lproj/Main.storyboard; sourceTree = "<group>"; };
		225935EA25939EC4005E818F /* bt710_programmer.xcdatamodel */ = {isa = PBXFileReference; lastKnownFileType = wrapper.xcdatamodel; path = bt710_programmer.xcdatamodel; sourceTree = "<group>"; };
		225935EC25939EC5005E818F /* Assets.xcassets */ = {isa = PBXFileReference; lastKnownFileType = folder.assetcatalog; path = Assets.xcassets; sourceTree = "<group>"; };
		225935EF25939EC5005E818F /* Base */ = {isa = PBXFileReference; lastKnownFileType = file.storyboard; name = Base; path = Base.lproj/LaunchScreen.storyboard; sourceTree = "<group>"; };
		225935F125939EC5005E818F /* Info.plist */ = {isa = PBXFileReference; lastKnownFileType = text.plist.xml; path = Info.plist; sourceTree = "<group>"; };
		225935FA2593B514005E818F /* SingleTagViewController.swift */ = {isa = PBXFileReference; lastKnownFileType = sourcecode.swift; path = SingleTagViewController.swift; sourceTree = "<group>"; };
		225936062593E888005E818F /* BatchViewController.swift */ = {isa = PBXFileReference; lastKnownFileType = sourcecode.swift; path = BatchViewController.swift; sourceTree = "<group>"; };
		225936092593F99D005E818F /* BatchProgramViewController.swift */ = {isa = PBXFileReference; lastKnownFileType = sourcecode.swift; path = BatchProgramViewController.swift; sourceTree = "<group>"; };
		2259360E25942332005E818F /* BatchRegisterViewController.swift */ = {isa = PBXFileReference; lastKnownFileType = sourcecode.swift; path = BatchRegisterViewController.swift; sourceTree = "<group>"; };
		2259361225979AF9005E818F /* GoogleService-Info.plist */ = {isa = PBXFileReference; fileEncoding = 4; lastKnownFileType = text.plist.xml; path = "GoogleService-Info.plist"; sourceTree = "<group>"; };
		225936BE25997725005E818F /* McuMgrViewController.swift */ = {isa = PBXFileReference; lastKnownFileType = sourcecode.swift; path = McuMgrViewController.swift; sourceTree = "<group>"; };
		2427173A24B68E4E70390210 /* Pods-bt710-programmer.release.xcconfig */ = {isa = PBXFileReference; includeInIndex = 1; lastKnownFileType = text.xcconfig; name = "Pods-bt710-programmer.release.xcconfig"; path = "Target Support Files/Pods-bt710-programmer/Pods-bt710-programmer.release.xcconfig"; sourceTree = "<group>"; };
		2476BB454540B480EA729582 /* Pods-bt710-programmer.debug.xcconfig */ = {isa = PBXFileReference; includeInIndex = 1; lastKnownFileType = text.xcconfig; name = "Pods-bt710-programmer.debug.xcconfig"; path = "Target Support Files/Pods-bt710-programmer/Pods-bt710-programmer.debug.xcconfig"; sourceTree = "<group>"; };
		975A6C04B9F013D9AF60DC7B /* Pods_bt710_programmer.framework */ = {isa = PBXFileReference; explicitFileType = wrapper.framework; includeInIndex = 0; path = Pods_bt710_programmer.framework; sourceTree = BUILT_PRODUCTS_DIR; };
/* End PBXFileReference section */

/* Begin PBXFrameworksBuildPhase section */
		225935DA25939EC4005E818F /* Frameworks */ = {
			isa = PBXFrameworksBuildPhase;
			buildActionMask = 2147483647;
			files = (
				C78745B447EDEE80C59E3DB3 /* Pods_bt710_programmer.framework in Frameworks */,
			);
			runOnlyForDeploymentPostprocessing = 0;
		};
/* End PBXFrameworksBuildPhase section */

/* Begin PBXGroup section */
		0DFC574F40D9AEBAA330D937 /* Frameworks */ = {
			isa = PBXGroup;
			children = (
				975A6C04B9F013D9AF60DC7B /* Pods_bt710_programmer.framework */,
			);
			name = Frameworks;
			sourceTree = "<group>";
		};
		225935D425939EC4005E818F = {
			isa = PBXGroup;
			children = (
				225935DF25939EC4005E818F /* bt710-programmer */,
				225935DE25939EC4005E818F /* Products */,
				C7D9B4302E497AB4A6F27345 /* Pods */,
				0DFC574F40D9AEBAA330D937 /* Frameworks */,
			);
			sourceTree = "<group>";
		};
		225935DE25939EC4005E818F /* Products */ = {
			isa = PBXGroup;
			children = (
				225935DD25939EC4005E818F /* bt710-programmer.app */,
			);
			name = Products;
			sourceTree = "<group>";
		};
		225935DF25939EC4005E818F /* bt710-programmer */ = {
			isa = PBXGroup;
			children = (
				225935E025939EC4005E818F /* AppDelegate.swift */,
				225935E225939EC4005E818F /* SceneDelegate.swift */,
				225935E425939EC4005E818F /* ViewController.swift */,
				225935FA2593B514005E818F /* SingleTagViewController.swift */,
				225936BE25997725005E818F /* McuMgrViewController.swift */,
				225935E625939EC4005E818F /* Main.storyboard */,
				2259360E25942332005E818F /* BatchRegisterViewController.swift */,
				225936092593F99D005E818F /* BatchProgramViewController.swift */,
				225936062593E888005E818F /* BatchViewController.swift */,
				225935EC25939EC5005E818F /* Assets.xcassets */,
				225935EE25939EC5005E818F /* LaunchScreen.storyboard */,
				225935F125939EC5005E818F /* Info.plist */,
				2259361225979AF9005E818F /* GoogleService-Info.plist */,
				225935E925939EC4005E818F /* bt710_programmer.xcdatamodeld */,
			);
			path = "bt710-programmer";
			sourceTree = "<group>";
		};
		C7D9B4302E497AB4A6F27345 /* Pods */ = {
			isa = PBXGroup;
			children = (
				2476BB454540B480EA729582 /* Pods-bt710-programmer.debug.xcconfig */,
				2427173A24B68E4E70390210 /* Pods-bt710-programmer.release.xcconfig */,
			);
			path = Pods;
			sourceTree = "<group>";
		};
/* End PBXGroup section */

/* Begin PBXNativeTarget section */
		225935DC25939EC4005E818F /* bt710-programmer */ = {
			isa = PBXNativeTarget;
			buildConfigurationList = 225935F425939EC5005E818F /* Build configuration list for PBXNativeTarget "bt710-programmer" */;
			buildPhases = (
				9085E5A02AF05F3E6DD29D74 /* [CP] Check Pods Manifest.lock */,
				225935D925939EC4005E818F /* Sources */,
				225935DA25939EC4005E818F /* Frameworks */,
				225935DB25939EC4005E818F /* Resources */,
				A58B4605236DFD036CC821B4 /* [CP] Embed Pods Frameworks */,
			);
			buildRules = (
			);
			dependencies = (
			);
			name = "bt710-programmer";
			productName = "bt710-programmer";
			productReference = 225935DD25939EC4005E818F /* bt710-programmer.app */;
			productType = "com.apple.product-type.application";
		};
/* End PBXNativeTarget section */

/* Begin PBXProject section */
		225935D525939EC4005E818F /* Project object */ = {
			isa = PBXProject;
			attributes = {
				LastSwiftUpdateCheck = 1210;
				LastUpgradeCheck = 1210;
				TargetAttributes = {
					225935DC25939EC4005E818F = {
						CreatedOnToolsVersion = 12.1;
					};
				};
			};
			buildConfigurationList = 225935D825939EC4005E818F /* Build configuration list for PBXProject "bt710-programmer" */;
			compatibilityVersion = "Xcode 9.3";
			developmentRegion = en;
			hasScannedForEncodings = 0;
			knownRegions = (
				en,
				Base,
			);
			mainGroup = 225935D425939EC4005E818F;
			productRefGroup = 225935DE25939EC4005E818F /* Products */;
			projectDirPath = "";
			projectRoot = "";
			targets = (
				225935DC25939EC4005E818F /* bt710-programmer */,
			);
		};
/* End PBXProject section */

/* Begin PBXResourcesBuildPhase section */
		225935DB25939EC4005E818F /* Resources */ = {
			isa = PBXResourcesBuildPhase;
			buildActionMask = 2147483647;
			files = (
				225935F025939EC5005E818F /* LaunchScreen.storyboard in Resources */,
				2259361325979AF9005E818F /* GoogleService-Info.plist in Resources */,
				225935ED25939EC5005E818F /* Assets.xcassets in Resources */,
				225935E825939EC4005E818F /* Main.storyboard in Resources */,
			);
			runOnlyForDeploymentPostprocessing = 0;
		};
/* End PBXResourcesBuildPhase section */

/* Begin PBXShellScriptBuildPhase section */
		9085E5A02AF05F3E6DD29D74 /* [CP] Check Pods Manifest.lock */ = {
			isa = PBXShellScriptBuildPhase;
			buildActionMask = 2147483647;
			files = (
			);
			inputFileListPaths = (
			);
			inputPaths = (
				"${PODS_PODFILE_DIR_PATH}/Podfile.lock",
				"${PODS_ROOT}/Manifest.lock",
			);
			name = "[CP] Check Pods Manifest.lock";
			outputFileListPaths = (
			);
			outputPaths = (
				"$(DERIVED_FILE_DIR)/Pods-bt710-programmer-checkManifestLockResult.txt",
			);
			runOnlyForDeploymentPostprocessing = 0;
			shellPath = /bin/sh;
			shellScript = "diff \"${PODS_PODFILE_DIR_PATH}/Podfile.lock\" \"${PODS_ROOT}/Manifest.lock\" > /dev/null\nif [ $? != 0 ] ; then\n    # print error to STDERR\n    echo \"error: The sandbox is not in sync with the Podfile.lock. Run 'pod install' or update your CocoaPods installation.\" >&2\n    exit 1\nfi\n# This output is used by Xcode 'outputs' to avoid re-running this script phase.\necho \"SUCCESS\" > \"${SCRIPT_OUTPUT_FILE_0}\"\n";
			showEnvVarsInLog = 0;
		};
		A58B4605236DFD036CC821B4 /* [CP] Embed Pods Frameworks */ = {
			isa = PBXShellScriptBuildPhase;
			buildActionMask = 2147483647;
			files = (
			);
			inputFileListPaths = (
				"${PODS_ROOT}/Target Support Files/Pods-bt710-programmer/Pods-bt710-programmer-frameworks-${CONFIGURATION}-input-files.xcfilelist",
			);
			name = "[CP] Embed Pods Frameworks";
			outputFileListPaths = (
				"${PODS_ROOT}/Target Support Files/Pods-bt710-programmer/Pods-bt710-programmer-frameworks-${CONFIGURATION}-output-files.xcfilelist",
			);
			runOnlyForDeploymentPostprocessing = 0;
			shellPath = /bin/sh;
			shellScript = "\"${PODS_ROOT}/Target Support Files/Pods-bt710-programmer/Pods-bt710-programmer-frameworks.sh\"\n";
			showEnvVarsInLog = 0;
		};
/* End PBXShellScriptBuildPhase section */

/* Begin PBXSourcesBuildPhase section */
		225935D925939EC4005E818F /* Sources */ = {
			isa = PBXSourcesBuildPhase;
			buildActionMask = 2147483647;
			files = (
				225935E525939EC4005E818F /* ViewController.swift in Sources */,
				225936BF25997725005E818F /* McuMgrViewController.swift in Sources */,
				225935FB2593B514005E818F /* SingleTagViewController.swift in Sources */,
				225935E125939EC4005E818F /* AppDelegate.swift in Sources */,
				225936072593E888005E818F /* BatchViewController.swift in Sources */,
				2259360A2593F99D005E818F /* BatchProgramViewController.swift in Sources */,
				225935EB25939EC4005E818F /* bt710_programmer.xcdatamodeld in Sources */,
				2259360F25942332005E818F /* BatchRegisterViewController.swift in Sources */,
				225935E325939EC4005E818F /* SceneDelegate.swift in Sources */,
			);
			runOnlyForDeploymentPostprocessing = 0;
		};
/* End PBXSourcesBuildPhase section */

/* Begin PBXVariantGroup section */
		225935E625939EC4005E818F /* Main.storyboard */ = {
			isa = PBXVariantGroup;
			children = (
				225935E725939EC4005E818F /* Base */,
			);
			name = Main.storyboard;
			sourceTree = "<group>";
		};
		225935EE25939EC5005E818F /* LaunchScreen.storyboard */ = {
			isa = PBXVariantGroup;
			children = (
				225935EF25939EC5005E818F /* Base */,
			);
			name = LaunchScreen.storyboard;
			sourceTree = "<group>";
		};
/* End PBXVariantGroup section */

/* Begin XCBuildConfiguration section */
		225935F225939EC5005E818F /* Debug */ = {
			isa = XCBuildConfiguration;
			buildSettings = {
				ALWAYS_SEARCH_USER_PATHS = NO;
				CLANG_ANALYZER_NONNULL = YES;
				CLANG_ANALYZER_NUMBER_OBJECT_CONVERSION = YES_AGGRESSIVE;
				CLANG_CXX_LANGUAGE_STANDARD = "gnu++14";
				CLANG_CXX_LIBRARY = "libc++";
				CLANG_ENABLE_MODULES = YES;
				CLANG_ENABLE_OBJC_ARC = YES;
				CLANG_ENABLE_OBJC_WEAK = YES;
				CLANG_WARN_BLOCK_CAPTURE_AUTORELEASING = YES;
				CLANG_WARN_BOOL_CONVERSION = YES;
				CLANG_WARN_COMMA = YES;
				CLANG_WARN_CONSTANT_CONVERSION = YES;
				CLANG_WARN_DEPRECATED_OBJC_IMPLEMENTATIONS = YES;
				CLANG_WARN_DIRECT_OBJC_ISA_USAGE = YES_ERROR;
				CLANG_WARN_DOCUMENTATION_COMMENTS = YES;
				CLANG_WARN_EMPTY_BODY = YES;
				CLANG_WARN_ENUM_CONVERSION = YES;
				CLANG_WARN_INFINITE_RECURSION = YES;
				CLANG_WARN_INT_CONVERSION = YES;
				CLANG_WARN_NON_LITERAL_NULL_CONVERSION = YES;
				CLANG_WARN_OBJC_IMPLICIT_RETAIN_SELF = YES;
				CLANG_WARN_OBJC_LITERAL_CONVERSION = YES;
				CLANG_WARN_OBJC_ROOT_CLASS = YES_ERROR;
				CLANG_WARN_QUOTED_INCLUDE_IN_FRAMEWORK_HEADER = YES;
				CLANG_WARN_RANGE_LOOP_ANALYSIS = YES;
				CLANG_WARN_STRICT_PROTOTYPES = YES;
				CLANG_WARN_SUSPICIOUS_MOVE = YES;
				CLANG_WARN_UNGUARDED_AVAILABILITY = YES_AGGRESSIVE;
				CLANG_WARN_UNREACHABLE_CODE = YES;
				CLANG_WARN__DUPLICATE_METHOD_MATCH = YES;
				COPY_PHASE_STRIP = NO;
				DEBUG_INFORMATION_FORMAT = dwarf;
				ENABLE_STRICT_OBJC_MSGSEND = YES;
				ENABLE_TESTABILITY = YES;
				GCC_C_LANGUAGE_STANDARD = gnu11;
				GCC_DYNAMIC_NO_PIC = NO;
				GCC_NO_COMMON_BLOCKS = YES;
				GCC_OPTIMIZATION_LEVEL = 0;
				GCC_PREPROCESSOR_DEFINITIONS = (
					"DEBUG=1",
					"$(inherited)",
				);
				GCC_WARN_64_TO_32_BIT_CONVERSION = YES;
				GCC_WARN_ABOUT_RETURN_TYPE = YES_ERROR;
				GCC_WARN_UNDECLARED_SELECTOR = YES;
				GCC_WARN_UNINITIALIZED_AUTOS = YES_AGGRESSIVE;
				GCC_WARN_UNUSED_FUNCTION = YES;
				GCC_WARN_UNUSED_VARIABLE = YES;
				IPHONEOS_DEPLOYMENT_TARGET = 14.1;
				MTL_ENABLE_DEBUG_INFO = INCLUDE_SOURCE;
				MTL_FAST_MATH = YES;
				ONLY_ACTIVE_ARCH = YES;
				SDKROOT = iphoneos;
				SWIFT_ACTIVE_COMPILATION_CONDITIONS = DEBUG;
				SWIFT_OPTIMIZATION_LEVEL = "-Onone";
			};
			name = Debug;
		};
		225935F325939EC5005E818F /* Release */ = {
			isa = XCBuildConfiguration;
			buildSettings = {
				ALWAYS_SEARCH_USER_PATHS = NO;
				CLANG_ANALYZER_NONNULL = YES;
				CLANG_ANALYZER_NUMBER_OBJECT_CONVERSION = YES_AGGRESSIVE;
				CLANG_CXX_LANGUAGE_STANDARD = "gnu++14";
				CLANG_CXX_LIBRARY = "libc++";
				CLANG_ENABLE_MODULES = YES;
				CLANG_ENABLE_OBJC_ARC = YES;
				CLANG_ENABLE_OBJC_WEAK = YES;
				CLANG_WARN_BLOCK_CAPTURE_AUTORELEASING = YES;
				CLANG_WARN_BOOL_CONVERSION = YES;
				CLANG_WARN_COMMA = YES;
				CLANG_WARN_CONSTANT_CONVERSION = YES;
				CLANG_WARN_DEPRECATED_OBJC_IMPLEMENTATIONS = YES;
				CLANG_WARN_DIRECT_OBJC_ISA_USAGE = YES_ERROR;
				CLANG_WARN_DOCUMENTATION_COMMENTS = YES;
				CLANG_WARN_EMPTY_BODY = YES;
				CLANG_WARN_ENUM_CONVERSION = YES;
				CLANG_WARN_INFINITE_RECURSION = YES;
				CLANG_WARN_INT_CONVERSION = YES;
				CLANG_WARN_NON_LITERAL_NULL_CONVERSION = YES;
				CLANG_WARN_OBJC_IMPLICIT_RETAIN_SELF = YES;
				CLANG_WARN_OBJC_LITERAL_CONVERSION = YES;
				CLANG_WARN_OBJC_ROOT_CLASS = YES_ERROR;
				CLANG_WARN_QUOTED_INCLUDE_IN_FRAMEWORK_HEADER = YES;
				CLANG_WARN_RANGE_LOOP_ANALYSIS = YES;
				CLANG_WARN_STRICT_PROTOTYPES = YES;
				CLANG_WARN_SUSPICIOUS_MOVE = YES;
				CLANG_WARN_UNGUARDED_AVAILABILITY = YES_AGGRESSIVE;
				CLANG_WARN_UNREACHABLE_CODE = YES;
				CLANG_WARN__DUPLICATE_METHOD_MATCH = YES;
				COPY_PHASE_STRIP = NO;
				DEBUG_INFORMATION_FORMAT = "dwarf-with-dsym";
				ENABLE_NS_ASSERTIONS = NO;
				ENABLE_STRICT_OBJC_MSGSEND = YES;
				GCC_C_LANGUAGE_STANDARD = gnu11;
				GCC_NO_COMMON_BLOCKS = YES;
				GCC_WARN_64_TO_32_BIT_CONVERSION = YES;
				GCC_WARN_ABOUT_RETURN_TYPE = YES_ERROR;
				GCC_WARN_UNDECLARED_SELECTOR = YES;
				GCC_WARN_UNINITIALIZED_AUTOS = YES_AGGRESSIVE;
				GCC_WARN_UNUSED_FUNCTION = YES;
				GCC_WARN_UNUSED_VARIABLE = YES;
				IPHONEOS_DEPLOYMENT_TARGET = 14.1;
				MTL_ENABLE_DEBUG_INFO = NO;
				MTL_FAST_MATH = YES;
				SDKROOT = iphoneos;
				SWIFT_COMPILATION_MODE = wholemodule;
				SWIFT_OPTIMIZATION_LEVEL = "-O";
				VALIDATE_PRODUCT = YES;
			};
			name = Release;
		};
		225935F525939EC5005E818F /* Debug */ = {
			isa = XCBuildConfiguration;
			baseConfigurationReference = 2476BB454540B480EA729582 /* Pods-bt710-programmer.debug.xcconfig */;
			buildSettings = {
				ASSETCATALOG_COMPILER_APPICON_NAME = AppIcon;
				ASSETCATALOG_COMPILER_GLOBAL_ACCENT_COLOR_NAME = AccentColor;
				CODE_SIGN_STYLE = Automatic;
				DEVELOPMENT_TEAM = T7989D5FN5;
				INFOPLIST_FILE = "bt710-programmer/Info.plist";
				IPHONEOS_DEPLOYMENT_TARGET = 13.3;
				LD_RUNPATH_SEARCH_PATHS = (
					"$(inherited)",
					"@executable_path/Frameworks",
				);
				PRODUCT_BUNDLE_IDENTIFIER = "com.sqwirrel.bt710-programmer";
				PRODUCT_NAME = "$(TARGET_NAME)";
				SWIFT_VERSION = 5.0;
				TARGETED_DEVICE_FAMILY = "1,2";
			};
			name = Debug;
		};
		225935F625939EC5005E818F /* Release */ = {
			isa = XCBuildConfiguration;
			baseConfigurationReference = 2427173A24B68E4E70390210 /* Pods-bt710-programmer.release.xcconfig */;
			buildSettings = {
				ASSETCATALOG_COMPILER_APPICON_NAME = AppIcon;
				ASSETCATALOG_COMPILER_GLOBAL_ACCENT_COLOR_NAME = AccentColor;
				CODE_SIGN_STYLE = Automatic;
				DEVELOPMENT_TEAM = T7989D5FN5;
				INFOPLIST_FILE = "bt710-programmer/Info.plist";
				IPHONEOS_DEPLOYMENT_TARGET = 13.3;
				LD_RUNPATH_SEARCH_PATHS = (
					"$(inherited)",
					"@executable_path/Frameworks",
				);
				PRODUCT_BUNDLE_IDENTIFIER = "com.sqwirrel.bt710-programmer";
				PRODUCT_NAME = "$(TARGET_NAME)";
				SWIFT_VERSION = 5.0;
				TARGETED_DEVICE_FAMILY = "1,2";
			};
			name = Release;
		};
/* End XCBuildConfiguration section */

/* Begin XCConfigurationList section */
		225935D825939EC4005E818F /* Build configuration list for PBXProject "bt710-programmer" */ = {
			isa = XCConfigurationList;
			buildConfigurations = (
				225935F225939EC5005E818F /* Debug */,
				225935F325939EC5005E818F /* Release */,
			);
			defaultConfigurationIsVisible = 0;
			defaultConfigurationName = Release;
		};
		225935F425939EC5005E818F /* Build configuration list for PBXNativeTarget "bt710-programmer" */ = {
			isa = XCConfigurationList;
			buildConfigurations = (
				225935F525939EC5005E818F /* Debug */,
				225935F625939EC5005E818F /* Release */,
			);
			defaultConfigurationIsVisible = 0;
			defaultConfigurationName = Release;
		};
/* End XCConfigurationList section */

/* Begin XCVersionGroup section */
		225935E925939EC4005E818F /* bt710_programmer.xcdatamodeld */ = {
			isa = XCVersionGroup;
			children = (
				225935EA25939EC4005E818F /* bt710_programmer.xcdatamodel */,
			);
			currentVersion = 225935EA25939EC4005E818F /* bt710_programmer.xcdatamodel */;
			path = bt710_programmer.xcdatamodeld;
			sourceTree = "<group>";
			versionGroupType = wrapper.xcdatamodel;
		};
/* End XCVersionGroup section */
	};
	rootObject = 225935D525939EC4005E818F /* Project object */;
}
